Microsoft Visual Studio Solution File, Format Version 11.00
# Visual Studio 2008

Project("{437960F5-DF3F-0150-D39D-165BDB6CDE05}") = "JackTheGaint", "Assembly-CSharp.csproj", "{2237EE54-8E60-B70C-060C-6D3B3BB4FE26}"
EndProject
Global
	GlobalSection(SolutionConfigurationPlatforms) = preSolution
		Debug|Any CPU = Debug|Any CPU
		Release|Any CPU = Release|Any CPU
	EndGlobalSection
	GlobalSection(ProjectConfigurationPlatforms) = postSolution
		{2237EE54-8E60-B70C-060C-6D3B3BB4FE26}.Debug|Any CPU.ActiveCfg = Debug|Any CPU
		{2237EE54-8E60-B70C-060C-6D3B3BB4FE26}.Debug|Any CPU.Build.0 = Debug|Any CPU
		{2237EE54-8E60-B70C-060C-6D3B3BB4FE26}.Release|Any CPU.ActiveCfg = Release|Any CPU
		{2237EE54-8E60-B70C-060C-6D3B3BB4FE26}.Release|Any CPU.Build.0 = Release|Any CPU
	EndGlobalSection
	GlobalSection(SolutionProperties) = preSolution
		HideSolutionNode = FALSE
	EndGlobalSection
	GlobalSection(MonoDevelopProperties) = preSolution
		StartupItem = Assembly-CSharp.csproj
	EndGlobalSection
EndGlobal
